
Microsoft Visual Studio Solution File, Format Version 12.00
# Visual Studio Version 16
VisualStudioVersion = 16.0.31613.86
MinimumVisualStudioVersion = 10.0.40219.1
Project("{FAE04EC0-301F-11D3-BF4B-00C04F79EFBC}") = "POO. Almacen.Consola", "POO. Almacen.Consola\POO. Almacen.Consola.csproj", "{716CFD6E-2675-49B6-B82F-1A9B4B1A4452}"
EndProject
Project("{FAE04EC0-301F-11D3-BF4B-00C04F79EFBC}") = "POO.almacen.biblioteca", "POO.almacen.biblioteca\POO.almacen.biblioteca.csproj", "{8C07018E-2E30-4C74-967D-1A5BD8E0465A}"
EndProject
Global
	GlobalSection(SolutionConfigurationPlatforms) = preSolution
		Debug|Any CPU = Debug|Any CPU
		Release|Any CPU = Release|Any CPU
	EndGlobalSection
	GlobalSection(ProjectConfigurationPlatforms) = postSolution
		{716CFD6E-2675-49B6-B82F-1A9B4B1A4452}.Debug|Any CPU.ActiveCfg = Debug|Any CPU
		{716CFD6E-2675-49B6-B82F-1A9B4B1A4452}.Debug|Any CPU.Build.0 = Debug|Any CPU
		{716CFD6E-2675-49B6-B82F-1A9B4B1A4452}.Release|Any CPU.ActiveCfg = Release|Any CPU
		{716CFD6E-2675-49B6-B82F-1A9B4B1A4452}.Release|Any CPU.Build.0 = Release|Any CPU
		{8C07018E-2E30-4C74-967D-1A5BD8E0465A}.Debug|Any CPU.ActiveCfg = Debug|Any CPU
		{8C07018E-2E30-4C74-967D-1A5BD8E0465A}.Debug|Any CPU.Build.0 = Debug|Any CPU
		{8C07018E-2E30-4C74-967D-1A5BD8E0465A}.Release|Any CPU.ActiveCfg = Release|Any CPU
		{8C07018E-2E30-4C74-967D-1A5BD8E0465A}.Release|Any CPU.Build.0 = Release|Any CPU
	EndGlobalSection
	GlobalSection(SolutionProperties) = preSolution
		HideSolutionNode = FALSE
	EndGlobalSection
	GlobalSection(ExtensibilityGlobals) = postSolution
		SolutionGuid = {7F08451D-E10B-46DD-A169-5B56F47A8BB7}
	EndGlobalSection
EndGlobal
