
Microsoft Visual Studio Solution File, Format Version 12.00
# Visual Studio Version 16
VisualStudioVersion = 16.0.31613.86
MinimumVisualStudioVersion = 10.0.40219.1
Project("{FAE04EC0-301F-11D3-BF4B-00C04F79EFBC}") = "POO.PRACTICAREPUESTOS.CONSOLA", "POO.PRACTICAREPUESTOS.CONSOLA\POO.PRACTICAREPUESTOS.CONSOLA.csproj", "{AE24B34B-6318-4BF6-A0DA-1B702172FC50}"
EndProject
Project("{FAE04EC0-301F-11D3-BF4B-00C04F79EFBC}") = "POO.PRACTICAREPUESTOS.BIBLIOTECA", "POO.PRACTICAREPUESTOS.BIBLIOTECA\POO.PRACTICAREPUESTOS.BIBLIOTECA.csproj", "{4E3574BB-4CD2-4E5C-8D2F-88EF4127085E}"
EndProject
Global
	GlobalSection(SolutionConfigurationPlatforms) = preSolution
		Debug|Any CPU = Debug|Any CPU
		Release|Any CPU = Release|Any CPU
	EndGlobalSection
	GlobalSection(ProjectConfigurationPlatforms) = postSolution
		{AE24B34B-6318-4BF6-A0DA-1B702172FC50}.Debug|Any CPU.ActiveCfg = Debug|Any CPU
		{AE24B34B-6318-4BF6-A0DA-1B702172FC50}.Debug|Any CPU.Build.0 = Debug|Any CPU
		{AE24B34B-6318-4BF6-A0DA-1B702172FC50}.Release|Any CPU.ActiveCfg = Release|Any CPU
		{AE24B34B-6318-4BF6-A0DA-1B702172FC50}.Release|Any CPU.Build.0 = Release|Any CPU
		{4E3574BB-4CD2-4E5C-8D2F-88EF4127085E}.Debug|Any CPU.ActiveCfg = Debug|Any CPU
		{4E3574BB-4CD2-4E5C-8D2F-88EF4127085E}.Debug|Any CPU.Build.0 = Debug|Any CPU
		{4E3574BB-4CD2-4E5C-8D2F-88EF4127085E}.Release|Any CPU.ActiveCfg = Release|Any CPU
		{4E3574BB-4CD2-4E5C-8D2F-88EF4127085E}.Release|Any CPU.Build.0 = Release|Any CPU
	EndGlobalSection
	GlobalSection(SolutionProperties) = preSolution
		HideSolutionNode = FALSE
	EndGlobalSection
	GlobalSection(ExtensibilityGlobals) = postSolution
		SolutionGuid = {9108E73D-0596-423C-AEF1-2D30ED68C9FD}
	EndGlobalSection
EndGlobal
