
Microsoft Visual Studio Solution File, Format Version 12.00
# Visual Studio Version 16
VisualStudioVersion = 16.0.31613.86
MinimumVisualStudioVersion = 10.0.40219.1
Project("{FAE04EC0-301F-11D3-BF4B-00C04F79EFBC}") = "POO.PRACTICARINDUMENTARIA.CONSOLA", "POO.PRACTICARINDUMENTARIA.CONSOLA\POO.PRACTICARINDUMENTARIA.CONSOLA.csproj", "{4E368850-85F2-4DFF-9BD3-C9B6B0AA27DF}"
EndProject
Project("{FAE04EC0-301F-11D3-BF4B-00C04F79EFBC}") = "POO.PRACTICARINDUMENTARIA.NEGOCIO", "POO.PRACTICARINDUMENTARIA.NEGOCIO\POO.PRACTICARINDUMENTARIA.NEGOCIO.csproj", "{4CCD5713-87E1-469C-B51A-6DCB14BB0374}"
EndProject
Project("{FAE04EC0-301F-11D3-BF4B-00C04F79EFBC}") = "POO.PRACTICARINDUMENTARIA.CONSOLAUTILS", "POO.PRACTICARINDUMENTARIA.CONSOLAUTILS\POO.PRACTICARINDUMENTARIA.CONSOLAUTILS.csproj", "{F91F2F76-B109-4CC1-A978-B728EEC0321E}"
EndProject
Project("{FAE04EC0-301F-11D3-BF4B-00C04F79EFBC}") = "Libreria", "Libreria\Libreria.csproj", "{61B30D9A-1646-4C12-A640-557AACD1F5A1}"
EndProject
Global
	GlobalSection(SolutionConfigurationPlatforms) = preSolution
		Debug|Any CPU = Debug|Any CPU
		Release|Any CPU = Release|Any CPU
	EndGlobalSection
	GlobalSection(ProjectConfigurationPlatforms) = postSolution
		{4E368850-85F2-4DFF-9BD3-C9B6B0AA27DF}.Debug|Any CPU.ActiveCfg = Debug|Any CPU
		{4E368850-85F2-4DFF-9BD3-C9B6B0AA27DF}.Debug|Any CPU.Build.0 = Debug|Any CPU
		{4E368850-85F2-4DFF-9BD3-C9B6B0AA27DF}.Release|Any CPU.ActiveCfg = Release|Any CPU
		{4E368850-85F2-4DFF-9BD3-C9B6B0AA27DF}.Release|Any CPU.Build.0 = Release|Any CPU
		{4CCD5713-87E1-469C-B51A-6DCB14BB0374}.Debug|Any CPU.ActiveCfg = Debug|Any CPU
		{4CCD5713-87E1-469C-B51A-6DCB14BB0374}.Debug|Any CPU.Build.0 = Debug|Any CPU
		{4CCD5713-87E1-469C-B51A-6DCB14BB0374}.Release|Any CPU.ActiveCfg = Release|Any CPU
		{4CCD5713-87E1-469C-B51A-6DCB14BB0374}.Release|Any CPU.Build.0 = Release|Any CPU
		{F91F2F76-B109-4CC1-A978-B728EEC0321E}.Debug|Any CPU.ActiveCfg = Debug|Any CPU
		{F91F2F76-B109-4CC1-A978-B728EEC0321E}.Debug|Any CPU.Build.0 = Debug|Any CPU
		{F91F2F76-B109-4CC1-A978-B728EEC0321E}.Release|Any CPU.ActiveCfg = Release|Any CPU
		{F91F2F76-B109-4CC1-A978-B728EEC0321E}.Release|Any CPU.Build.0 = Release|Any CPU
		{61B30D9A-1646-4C12-A640-557AACD1F5A1}.Debug|Any CPU.ActiveCfg = Debug|Any CPU
		{61B30D9A-1646-4C12-A640-557AACD1F5A1}.Debug|Any CPU.Build.0 = Debug|Any CPU
		{61B30D9A-1646-4C12-A640-557AACD1F5A1}.Release|Any CPU.ActiveCfg = Release|Any CPU
		{61B30D9A-1646-4C12-A640-557AACD1F5A1}.Release|Any CPU.Build.0 = Release|Any CPU
	EndGlobalSection
	GlobalSection(SolutionProperties) = preSolution
		HideSolutionNode = FALSE
	EndGlobalSection
	GlobalSection(ExtensibilityGlobals) = postSolution
		SolutionGuid = {2D796612-856F-49A1-AAD1-9D0592A5B53F}
	EndGlobalSection
EndGlobal
