
Microsoft Visual Studio Solution File, Format Version 12.00
# Visual Studio Version 16
VisualStudioVersion = 16.0.31613.86
MinimumVisualStudioVersion = 10.0.40219.1
Project("{FAE04EC0-301F-11D3-BF4B-00C04F79EFBC}") = "POO.REPASOPRESENTISMO.CONSOLA", "POO.REPASOPRESENTISMO.CONSOLA\POO.REPASOPRESENTISMO.CONSOLA.csproj", "{43C8EDFD-8FFD-4CE6-A347-FD52750305E5}"
EndProject
Project("{FAE04EC0-301F-11D3-BF4B-00C04F79EFBC}") = "POO.REPASOPRESENTISMO.NEGOCIO", "POO.REPASOPRESENTISMO.NEGOCIO\POO.REPASOPRESENTISMO.NEGOCIO.csproj", "{7F13CE30-3355-4AA7-A9F8-146A625953D9}"
EndProject
Project("{FAE04EC0-301F-11D3-BF4B-00C04F79EFBC}") = "POO.REPASOPRESENTISMO.CONSOLAUTILS", "POO.REPASOPRESENTISMO.CONSOLAUTILS\POO.REPASOPRESENTISMO.CONSOLAUTILS.csproj", "{7FF71191-580E-44D6-B5D7-D24228EBD854}"
EndProject
Global
	GlobalSection(SolutionConfigurationPlatforms) = preSolution
		Debug|Any CPU = Debug|Any CPU
		Release|Any CPU = Release|Any CPU
	EndGlobalSection
	GlobalSection(ProjectConfigurationPlatforms) = postSolution
		{43C8EDFD-8FFD-4CE6-A347-FD52750305E5}.Debug|Any CPU.ActiveCfg = Debug|Any CPU
		{43C8EDFD-8FFD-4CE6-A347-FD52750305E5}.Debug|Any CPU.Build.0 = Debug|Any CPU
		{43C8EDFD-8FFD-4CE6-A347-FD52750305E5}.Release|Any CPU.ActiveCfg = Release|Any CPU
		{43C8EDFD-8FFD-4CE6-A347-FD52750305E5}.Release|Any CPU.Build.0 = Release|Any CPU
		{7F13CE30-3355-4AA7-A9F8-146A625953D9}.Debug|Any CPU.ActiveCfg = Debug|Any CPU
		{7F13CE30-3355-4AA7-A9F8-146A625953D9}.Debug|Any CPU.Build.0 = Debug|Any CPU
		{7F13CE30-3355-4AA7-A9F8-146A625953D9}.Release|Any CPU.ActiveCfg = Release|Any CPU
		{7F13CE30-3355-4AA7-A9F8-146A625953D9}.Release|Any CPU.Build.0 = Release|Any CPU
		{7FF71191-580E-44D6-B5D7-D24228EBD854}.Debug|Any CPU.ActiveCfg = Debug|Any CPU
		{7FF71191-580E-44D6-B5D7-D24228EBD854}.Debug|Any CPU.Build.0 = Debug|Any CPU
		{7FF71191-580E-44D6-B5D7-D24228EBD854}.Release|Any CPU.ActiveCfg = Release|Any CPU
		{7FF71191-580E-44D6-B5D7-D24228EBD854}.Release|Any CPU.Build.0 = Release|Any CPU
	EndGlobalSection
	GlobalSection(SolutionProperties) = preSolution
		HideSolutionNode = FALSE
	EndGlobalSection
	GlobalSection(ExtensibilityGlobals) = postSolution
		SolutionGuid = {697A11FF-6A7E-4CA0-9BCB-1A2AFE53F5EA}
	EndGlobalSection
EndGlobal
