
Microsoft Visual Studio Solution File, Format Version 12.00
# Visual Studio Version 16
VisualStudioVersion = 16.0.31613.86
MinimumVisualStudioVersion = 10.0.40219.1
Project("{FAE04EC0-301F-11D3-BF4B-00C04F79EFBC}") = "POO.PRESENTISMO.CONSOLA", "POO.PRESENTISMO.CONSOLA\POO.PRESENTISMO.CONSOLA.csproj", "{1367AA16-41DB-49E0-882D-9CA93BE12013}"
EndProject
Project("{FAE04EC0-301F-11D3-BF4B-00C04F79EFBC}") = "POO.PRESENTISMO.BIBLIOTECA", "POO.PRESENTISMO.BIBLIOTECA\POO.PRESENTISMO.BIBLIOTECA.csproj", "{070D5473-423B-4759-9DD5-668360A5450B}"
EndProject
Project("{FAE04EC0-301F-11D3-BF4B-00C04F79EFBC}") = "POO.PRESENTISMO.CONSOLAUTILS", "POO.PRESENTISMO.CONSOLAUTILS\POO.PRESENTISMO.CONSOLAUTILS.csproj", "{7A894558-9601-47C9-9F52-043585EBAB10}"
EndProject
Global
	GlobalSection(SolutionConfigurationPlatforms) = preSolution
		Debug|Any CPU = Debug|Any CPU
		Release|Any CPU = Release|Any CPU
	EndGlobalSection
	GlobalSection(ProjectConfigurationPlatforms) = postSolution
		{1367AA16-41DB-49E0-882D-9CA93BE12013}.Debug|Any CPU.ActiveCfg = Debug|Any CPU
		{1367AA16-41DB-49E0-882D-9CA93BE12013}.Debug|Any CPU.Build.0 = Debug|Any CPU
		{1367AA16-41DB-49E0-882D-9CA93BE12013}.Release|Any CPU.ActiveCfg = Release|Any CPU
		{1367AA16-41DB-49E0-882D-9CA93BE12013}.Release|Any CPU.Build.0 = Release|Any CPU
		{070D5473-423B-4759-9DD5-668360A5450B}.Debug|Any CPU.ActiveCfg = Debug|Any CPU
		{070D5473-423B-4759-9DD5-668360A5450B}.Debug|Any CPU.Build.0 = Debug|Any CPU
		{070D5473-423B-4759-9DD5-668360A5450B}.Release|Any CPU.ActiveCfg = Release|Any CPU
		{070D5473-423B-4759-9DD5-668360A5450B}.Release|Any CPU.Build.0 = Release|Any CPU
		{7A894558-9601-47C9-9F52-043585EBAB10}.Debug|Any CPU.ActiveCfg = Debug|Any CPU
		{7A894558-9601-47C9-9F52-043585EBAB10}.Debug|Any CPU.Build.0 = Debug|Any CPU
		{7A894558-9601-47C9-9F52-043585EBAB10}.Release|Any CPU.ActiveCfg = Release|Any CPU
		{7A894558-9601-47C9-9F52-043585EBAB10}.Release|Any CPU.Build.0 = Release|Any CPU
	EndGlobalSection
	GlobalSection(SolutionProperties) = preSolution
		HideSolutionNode = FALSE
	EndGlobalSection
	GlobalSection(ExtensibilityGlobals) = postSolution
		SolutionGuid = {4037796A-25BF-4261-9A18-A1985954C175}
	EndGlobalSection
EndGlobal
