
Microsoft Visual Studio Solution File, Format Version 12.00
# Visual Studio Version 16
VisualStudioVersion = 16.0.31613.86
MinimumVisualStudioVersion = 10.0.40219.1
Project("{FAE04EC0-301F-11D3-BF4B-00C04F79EFBC}") = "POO.PRACTICARHERENCIA", "POO.PRACTICARHERENCIA\POO.PRACTICARHERENCIA.csproj", "{7019DC85-7B99-4E12-8EC9-DA8B2949DBAC}"
EndProject
Global
	GlobalSection(SolutionConfigurationPlatforms) = preSolution
		Debug|Any CPU = Debug|Any CPU
		Release|Any CPU = Release|Any CPU
	EndGlobalSection
	GlobalSection(ProjectConfigurationPlatforms) = postSolution
		{7019DC85-7B99-4E12-8EC9-DA8B2949DBAC}.Debug|Any CPU.ActiveCfg = Debug|Any CPU
		{7019DC85-7B99-4E12-8EC9-DA8B2949DBAC}.Debug|Any CPU.Build.0 = Debug|Any CPU
		{7019DC85-7B99-4E12-8EC9-DA8B2949DBAC}.Release|Any CPU.ActiveCfg = Release|Any CPU
		{7019DC85-7B99-4E12-8EC9-DA8B2949DBAC}.Release|Any CPU.Build.0 = Release|Any CPU
	EndGlobalSection
	GlobalSection(SolutionProperties) = preSolution
		HideSolutionNode = FALSE
	EndGlobalSection
	GlobalSection(ExtensibilityGlobals) = postSolution
		SolutionGuid = {9B0EA1EB-7DA8-4CE4-8BB7-B7874CFD59B9}
	EndGlobalSection
EndGlobal
