
Microsoft Visual Studio Solution File, Format Version 12.00
# Visual Studio Version 16
VisualStudioVersion = 16.0.31613.86
MinimumVisualStudioVersion = 10.0.40219.1
Project("{FAE04EC0-301F-11D3-BF4B-00C04F79EFBC}") = "Inscripcionespracticar", "Inscripcionespracticar\Inscripcionespracticar.csproj", "{15722C1D-EE05-4F97-B35D-5DC3DACD6C78}"
EndProject
Project("{FAE04EC0-301F-11D3-BF4B-00C04F79EFBC}") = "Libreria", "Libreria\Libreria.csproj", "{A069126C-E476-4A26-81D8-D586E319F533}"
EndProject
Global
	GlobalSection(SolutionConfigurationPlatforms) = preSolution
		Debug|Any CPU = Debug|Any CPU
		Release|Any CPU = Release|Any CPU
	EndGlobalSection
	GlobalSection(ProjectConfigurationPlatforms) = postSolution
		{15722C1D-EE05-4F97-B35D-5DC3DACD6C78}.Debug|Any CPU.ActiveCfg = Debug|Any CPU
		{15722C1D-EE05-4F97-B35D-5DC3DACD6C78}.Debug|Any CPU.Build.0 = Debug|Any CPU
		{15722C1D-EE05-4F97-B35D-5DC3DACD6C78}.Release|Any CPU.ActiveCfg = Release|Any CPU
		{15722C1D-EE05-4F97-B35D-5DC3DACD6C78}.Release|Any CPU.Build.0 = Release|Any CPU
		{A069126C-E476-4A26-81D8-D586E319F533}.Debug|Any CPU.ActiveCfg = Debug|Any CPU
		{A069126C-E476-4A26-81D8-D586E319F533}.Debug|Any CPU.Build.0 = Debug|Any CPU
		{A069126C-E476-4A26-81D8-D586E319F533}.Release|Any CPU.ActiveCfg = Release|Any CPU
		{A069126C-E476-4A26-81D8-D586E319F533}.Release|Any CPU.Build.0 = Release|Any CPU
	EndGlobalSection
	GlobalSection(SolutionProperties) = preSolution
		HideSolutionNode = FALSE
	EndGlobalSection
	GlobalSection(ExtensibilityGlobals) = postSolution
		SolutionGuid = {F7571E6A-2807-4126-884A-8A6C0F488E51}
	EndGlobalSection
EndGlobal
